
Microsoft Visual Studio Solution File, Format Version 12.00
# Visual Studio Version 17
VisualStudioVersion = 17.7.34202.233
MinimumVisualStudioVersion = 10.0.40219.1
Project("{FAE04EC0-301F-11D3-BF4B-00C04F79EFBC}") = "MinimalApiCatalogo", "MinimalApiCatalogo\MinimalApiCatalogo.csproj", "{73D1C1B6-2C49-4C20-893D-2D48D712AC42}"
EndProject
Global
	GlobalSection(SolutionConfigurationPlatforms) = preSolution
		Debug|Any CPU = Debug|Any CPU
		Release|Any CPU = Release|Any CPU
	EndGlobalSection
	GlobalSection(ProjectConfigurationPlatforms) = postSolution
		{73D1C1B6-2C49-4C20-893D-2D48D712AC42}.Debug|Any CPU.ActiveCfg = Debug|Any CPU
		{73D1C1B6-2C49-4C20-893D-2D48D712AC42}.Debug|Any CPU.Build.0 = Debug|Any CPU
		{73D1C1B6-2C49-4C20-893D-2D48D712AC42}.Release|Any CPU.ActiveCfg = Release|Any CPU
		{73D1C1B6-2C49-4C20-893D-2D48D712AC42}.Release|Any CPU.Build.0 = Release|Any CPU
	EndGlobalSection
	GlobalSection(SolutionProperties) = preSolution
		HideSolutionNode = FALSE
	EndGlobalSection
	GlobalSection(ExtensibilityGlobals) = postSolution
		SolutionGuid = {D3107211-57FF-4471-AD6C-10CAC6618651}
	EndGlobalSection
EndGlobal
